github.com/golang-sql/civil v0.0.0-20220223132316-b832511892a9 h1:lXD0z9qsvW9qeqNVy82tiByXYcefvTybPmmRPzbczv8=
github.com/golang-sql/civil v0.0.0-20220223132316-b832511892a9/go.mod h1:8aoB05nCpd40H0604zpsm25W/U8Ucs4z7j6v2yT0n30=
github.com/golang-sql/sqlexp v0.1.0 h1:ZQIzyjxUvybgHNEzslP85hPzGTeBhWCUnUOCoCAOgwE=
github.com/golang-sql/sqlexp v0.1.0/go.mod h1:JScskPnUvssOz/1JwazjUEe05m0p1dD3/eSWe1U4Y1g=
github.com/microsoft/go-mssqldb v1.7.2 h1:aF8tP8w81pT2Z14zM/J2y8VqgN4vJcQ3h3kXg1z8y+A=
github.com/microsoft/go-mssqldb v1.7.2/go.mod h1:U5e/3Jq2E77VlYQO90rJ7e5mC+zV09h9L5U9kG0kZlQ=
golang.org/x/crypto v0.24.0 h1:h4n5L0OimA92b8dffbS0e3N1V0ZJtS5jU89a1w0kU9M=
golang.org/x/crypto v0.24.0/go.mod h1:Z1jK+ZgWkO1z5h9u9sQ8YgS4wGgE7V004c0p3987j+c=
golang.org/x/text v0.16.0 h1:a94Exn56lW5/W23h80b85y4sP6n0w09xGv6n+m5/t6w=
golang.org/x/text v0.16.0/go.mod h1:G6SuO6IrDXJj+/82+89ivWpm2gS9U806c9b3+V8+w9A=
